
Microsoft Visual Studio Solution File, Format Version 12.00
# Visual Studio 15
VisualStudioVersion = 15.0.27703.2047
MinimumVisualStudioVersion = 10.0.40219.1
Project("{9A19103F-16F7-4668-BE54-9A1E7A4F7556}") = "Kata6", "Kata6\Kata6.csproj", "{149F2F4D-A201-42EC-AA7E-60118FDD9826}"
EndProject
Project("{FAE04EC0-301F-11D3-BF4B-00C04F79EFBC}") = "Kata6.Test", "Kata6.Test\Kata6.Test.csproj", "{16B11453-7F00-4C33-B0AC-828C29500D19}"
EndProject
Global
	GlobalSection(SolutionConfigurationPlatforms) = preSolution
		Debug|Any CPU = Debug|Any CPU
		Release|Any CPU = Release|Any CPU
	EndGlobalSection
	GlobalSection(ProjectConfigurationPlatforms) = postSolution
		{149F2F4D-A201-42EC-AA7E-60118FDD9826}.Debug|Any CPU.ActiveCfg = Debug|Any CPU
		{149F2F4D-A201-42EC-AA7E-60118FDD9826}.Debug|Any CPU.Build.0 = Debug|Any CPU
		{149F2F4D-A201-42EC-AA7E-60118FDD9826}.Release|Any CPU.ActiveCfg = Release|Any CPU
		{149F2F4D-A201-42EC-AA7E-60118FDD9826}.Release|Any CPU.Build.0 = Release|Any CPU
		{16B11453-7F00-4C33-B0AC-828C29500D19}.Debug|Any CPU.ActiveCfg = Debug|Any CPU
		{16B11453-7F00-4C33-B0AC-828C29500D19}.Debug|Any CPU.Build.0 = Debug|Any CPU
		{16B11453-7F00-4C33-B0AC-828C29500D19}.Release|Any CPU.ActiveCfg = Release|Any CPU
		{16B11453-7F00-4C33-B0AC-828C29500D19}.Release|Any CPU.Build.0 = Release|Any CPU
	EndGlobalSection
	GlobalSection(SolutionProperties) = preSolution
		HideSolutionNode = FALSE
	EndGlobalSection
	GlobalSection(ExtensibilityGlobals) = postSolution
		SolutionGuid = {EED9EDD4-3646-41C7-9C3A-05B97A65C7A5}
	EndGlobalSection
EndGlobal
